Microsoft Visual Studio Solution File, Format Version 12.00
# Visual Studio Version 17
VisualStudioVersion = 17.5.2.0
MinimumVisualStudioVersion = 10.0.40219.1
Project("{FAE04EC0-301F-11D3-BF4B-00C04F79EFBC}") = "Lab4_CRUDEmployee", "Lab4_CRUDEmployee.csproj", "{77583204-21E1-51B1-B047-D88718EA3D2B}"
EndProject
Global
	GlobalSection(SolutionConfigurationPlatforms) = preSolution
		Debug|Any CPU = Debug|Any CPU
		Release|Any CPU = Release|Any CPU
	EndGlobalSection
	GlobalSection(ProjectConfigurationPlatforms) = postSolution
		{77583204-21E1-51B1-B047-D88718EA3D2B}.Debug|Any CPU.ActiveCfg = Debug|Any CPU
		{77583204-21E1-51B1-B047-D88718EA3D2B}.Debug|Any CPU.Build.0 = Debug|Any CPU
		{77583204-21E1-51B1-B047-D88718EA3D2B}.Release|Any CPU.ActiveCfg = Release|Any CPU
		{77583204-21E1-51B1-B047-D88718EA3D2B}.Release|Any CPU.Build.0 = Release|Any CPU
	EndGlobalSection
	GlobalSection(SolutionProperties) = preSolution
		HideSolutionNode = FALSE
	EndGlobalSection
	GlobalSection(ExtensibilityGlobals) = postSolution
		SolutionGuid = {6DE43C50-DF19-4B64-B5C6-F807D1AA9191}
	EndGlobalSection
EndGlobal
