Microsoft Visual Studio Solution File, Format Version 12.00
# Visual Studio Version 17
VisualStudioVersion = 17.5.2.0
MinimumVisualStudioVersion = 10.0.40219.1
Project("{FAE04EC0-301F-11D3-BF4B-00C04F79EFBC}") = "library_manag_system", "library_manag_system.csproj", "{17281C3C-B1DA-BD84-3B8D-63F582B13AEE}"
EndProject
Global
	GlobalSection(SolutionConfigurationPlatforms) = preSolution
		Debug|Any CPU = Debug|Any CPU
		Release|Any CPU = Release|Any CPU
	EndGlobalSection
	GlobalSection(ProjectConfigurationPlatforms) = postSolution
		{17281C3C-B1DA-BD84-3B8D-63F582B13AEE}.Debug|Any CPU.ActiveCfg = Debug|Any CPU
		{17281C3C-B1DA-BD84-3B8D-63F582B13AEE}.Debug|Any CPU.Build.0 = Debug|Any CPU
		{17281C3C-B1DA-BD84-3B8D-63F582B13AEE}.Release|Any CPU.ActiveCfg = Release|Any CPU
		{17281C3C-B1DA-BD84-3B8D-63F582B13AEE}.Release|Any CPU.Build.0 = Release|Any CPU
	EndGlobalSection
	GlobalSection(SolutionProperties) = preSolution
		HideSolutionNode = FALSE
	EndGlobalSection
	GlobalSection(ExtensibilityGlobals) = postSolution
		SolutionGuid = {F1451CF1-D464-409E-B36B-F14F2A19A8D9}
	EndGlobalSection
EndGlobal
