Microsoft Visual Studio Solution File, Format Version 12.00
# Visual Studio Version 17
VisualStudioVersion = 17.5.2.0
MinimumVisualStudioVersion = 10.0.40219.1
Project("{FAE04EC0-301F-11D3-BF4B-00C04F79EFBC}") = "Lab3_CustomModelFilters", "Lab3_CustomModelFilters.csproj", "{35D1DF1A-A459-01D1-9506-7EF32A30AE34}"
EndProject
Global
	GlobalSection(SolutionConfigurationPlatforms) = preSolution
		Debug|Any CPU = Debug|Any CPU
		Release|Any CPU = Release|Any CPU
	EndGlobalSection
	GlobalSection(ProjectConfigurationPlatforms) = postSolution
		{35D1DF1A-A459-01D1-9506-7EF32A30AE34}.Debug|Any CPU.ActiveCfg = Debug|Any CPU
		{35D1DF1A-A459-01D1-9506-7EF32A30AE34}.Debug|Any CPU.Build.0 = Debug|Any CPU
		{35D1DF1A-A459-01D1-9506-7EF32A30AE34}.Release|Any CPU.ActiveCfg = Release|Any CPU
		{35D1DF1A-A459-01D1-9506-7EF32A30AE34}.Release|Any CPU.Build.0 = Release|Any CPU
	EndGlobalSection
	GlobalSection(SolutionProperties) = preSolution
		HideSolutionNode = FALSE
	EndGlobalSection
	GlobalSection(ExtensibilityGlobals) = postSolution
		SolutionGuid = {099350A2-500E-4930-B70A-33233A939321}
	EndGlobalSection
EndGlobal
