Microsoft Visual Studio Solution File, Format Version 12.00
# Visual Studio Version 17
VisualStudioVersion = 17.5.2.0
MinimumVisualStudioVersion = 10.0.40219.1
Project("{FAE04EC0-301F-11D3-BF4B-00C04F79EFBC}") = "command_pattern", "command_pattern.csproj", "{45C7A571-4132-19E2-ED37-9BD7F956D380}"
EndProject
Global
	GlobalSection(SolutionConfigurationPlatforms) = preSolution
		Debug|Any CPU = Debug|Any CPU
		Release|Any CPU = Release|Any CPU
	EndGlobalSection
	GlobalSection(ProjectConfigurationPlatforms) = postSolution
		{45C7A571-4132-19E2-ED37-9BD7F956D380}.Debug|Any CPU.ActiveCfg = Debug|Any CPU
		{45C7A571-4132-19E2-ED37-9BD7F956D380}.Debug|Any CPU.Build.0 = Debug|Any CPU
		{45C7A571-4132-19E2-ED37-9BD7F956D380}.Release|Any CPU.ActiveCfg = Release|Any CPU
		{45C7A571-4132-19E2-ED37-9BD7F956D380}.Release|Any CPU.Build.0 = Release|Any CPU
	EndGlobalSection
	GlobalSection(SolutionProperties) = preSolution
		HideSolutionNode = FALSE
	EndGlobalSection
	GlobalSection(ExtensibilityGlobals) = postSolution
		SolutionGuid = {12C43F0B-D864-44A4-BF38-2D464B2CCA39}
	EndGlobalSection
EndGlobal
